{
    "_readme": [
        "This file locks the dependencies of your project to a known state",
        "Read more about it at https://getcomposer.org/doc/01-basic-usage.md#installing-dependencies",
        "This file is @generated automatically"
    ],
    "content-hash": "7c78850de89c3206181ea07e2c5ae4f3",
    "packages": [],
    "packages-dev": [
        {
            "name": "deployer/dist",
            "version": "v6.8.0",
            "source": {
                "type": "git",
                "url": "https://github.com/deployphp/distribution.git",
                "reference": "857158fa5466d5135ce87f07fe67779b6b6a13d2"
            },
            "dist": {
                "type": "zip",
                "url": "https://api.github.com/repos/deployphp/distribution/zipball/857158fa5466d5135ce87f07fe67779b6b6a13d2",
                "reference": "857158fa5466d5135ce87f07fe67779b6b6a13d2",
                "shasum": ""
            },
            "bin": [
                "dep"
            ],
            "type": "library",
            "notification-url": "https://packagist.org/downloads/",
            "license": [
                "MIT"
            ],
            "authors": [
                {
                    "name": "Anton Medvedev",
                    "email": "anton@medv.io"
                }
            ],
            "description": "Deployer Phar Distribution",
            "homepage": "https://deployer.org",
            "time": "2020-04-25T18:48:50+00:00"
        },
        {
            "name": "deployer/recipes",
            "version": "6.2.2",
            "source": {
                "type": "git",
                "url": "https://github.com/deployphp/recipes.git",
                "reference": "84b3229c518c094a950e1fe785b7b8f9598770fe"
            },
            "dist": {
                "type": "zip",
                "url": "https://api.github.com/repos/deployphp/recipes/zipball/84b3229c518c094a950e1fe785b7b8f9598770fe",
                "reference": "84b3229c518c094a950e1fe785b7b8f9598770fe",
                "shasum": ""
            },
            "require": {
                "php": "~7.0"
            },
            "replace": {
                "deployer/recipes": "self.version"
            },
            "require-dev": {
                "deployer/deployer": "^6.3"
            },
            "type": "library",
            "autoload": {
                "files": [
                    "autoload.php"
                ]
            },
            "notification-url": "https://packagist.org/downloads/",
            "license": [
                "MIT"
            ],
            "authors": [
                {
                    "name": "Anton Medvedev",
                    "email": "anton@medv.io"
                }
            ],
            "description": "3rd party deployer recipes",
            "homepage": "https://github.com/deployphp/recipes",
            "keywords": [
                "cachetool",
                "cloudflare",
                "deploy",
                "deployer",
                "deployment",
                "hipchat",
                "newrelic",
                "rabbit",
                "recipes",
                "sentry",
                "slack",
                "yarn"
            ],
            "abandoned": true,
            "time": "2019-06-27T06:47:18+00:00"
        }
    ],
    "aliases": [],
    "minimum-stability": "stable",
    "stability-flags": [],
    "prefer-stable": false,
    "prefer-lowest": false,
    "platform": [],
    "platform-dev": [],
    "plugin-api-version": "1.1.0"
}
